
Microsoft Visual Studio Solution File, Format Version 12.00
# Visual Studio Version 17
VisualStudioVersion = 17.4.33110.190
MinimumVisualStudioVersion = 10.0.40219.1
Project("{9A19103F-16F7-4668-BE54-9A1E7A4F7556}") = "CountryService.API", "CountryService.API\CountryService.API.csproj", "{EC5E090D-D310-4129-AB13-B8B2EFB276F3}"
EndProject
Project("{FAE04EC0-301F-11D3-BF4B-00C04F79EFBC}") = "CountryService.Client", "CountryService.Client\CountryService.Client.csproj", "{CBAA376E-63F6-4A7E-8001-752C330CA28D}"
EndProject
Global
	GlobalSection(SolutionConfigurationPlatforms) = preSolution
		Debug|Any CPU = Debug|Any CPU
		Release|Any CPU = Release|Any CPU
	EndGlobalSection
	GlobalSection(ProjectConfigurationPlatforms) = postSolution
		{EC5E090D-D310-4129-AB13-B8B2EFB276F3}.Debug|Any CPU.ActiveCfg = Debug|Any CPU
		{EC5E090D-D310-4129-AB13-B8B2EFB276F3}.Debug|Any CPU.Build.0 = Debug|Any CPU
		{EC5E090D-D310-4129-AB13-B8B2EFB276F3}.Release|Any CPU.ActiveCfg = Release|Any CPU
		{EC5E090D-D310-4129-AB13-B8B2EFB276F3}.Release|Any CPU.Build.0 = Release|Any CPU
		{CBAA376E-63F6-4A7E-8001-752C330CA28D}.Debug|Any CPU.ActiveCfg = Debug|Any CPU
		{CBAA376E-63F6-4A7E-8001-752C330CA28D}.Debug|Any CPU.Build.0 = Debug|Any CPU
		{CBAA376E-63F6-4A7E-8001-752C330CA28D}.Release|Any CPU.ActiveCfg = Release|Any CPU
		{CBAA376E-63F6-4A7E-8001-752C330CA28D}.Release|Any CPU.Build.0 = Release|Any CPU
	EndGlobalSection
	GlobalSection(SolutionProperties) = preSolution
		HideSolutionNode = FALSE
	EndGlobalSection
	GlobalSection(ExtensibilityGlobals) = postSolution
		SolutionGuid = {5B6BE294-5AA1-4DEC-B1C0-7CE7151C4125}
	EndGlobalSection
EndGlobal
